
Microsoft Visual Studio Solution File, Format Version 12.00
# Visual Studio Version 16
VisualStudioVersion = 16.0.31019.35
MinimumVisualStudioVersion = 10.0.40219.1
Project("{FAE04EC0-301F-11D3-BF4B-00C04F79EFBC}") = "phamarchy systeam", "phamarchy systeam\phamarchy systeam.csproj", "{573ACB91-2D41-43B8-8B0D-BB0D609A0FF1}"
EndProject
Global
	GlobalSection(SolutionConfigurationPlatforms) = preSolution
		Debug|Any CPU = Debug|Any CPU
		Release|Any CPU = Release|Any CPU
	EndGlobalSection
	GlobalSection(ProjectConfigurationPlatforms) = postSolution
		{573ACB91-2D41-43B8-8B0D-BB0D609A0FF1}.Debug|Any CPU.ActiveCfg = Debug|Any CPU
		{573ACB91-2D41-43B8-8B0D-BB0D609A0FF1}.Debug|Any CPU.Build.0 = Debug|Any CPU
		{573ACB91-2D41-43B8-8B0D-BB0D609A0FF1}.Release|Any CPU.ActiveCfg = Release|Any CPU
		{573ACB91-2D41-43B8-8B0D-BB0D609A0FF1}.Release|Any CPU.Build.0 = Release|Any CPU
	EndGlobalSection
	GlobalSection(SolutionProperties) = preSolution
		HideSolutionNode = FALSE
	EndGlobalSection
	GlobalSection(ExtensibilityGlobals) = postSolution
		SolutionGuid = {1E17C10F-700E-4BCB-9D04-14BC0CEBED89}
	EndGlobalSection
EndGlobal
